// !$*UTF8*$!
{
	archiveVersion = 1;
	classes = {
	};
	objectVersion = 46;
	objects = {

/* Begin PBXBuildFile section */
		3A2D7ACA1BBAFC7C00302833 /* AUTUserNotificationCenter.h in Headers */ = {isa = PBXBuildFile; fileRef = 3A2D7AC91BBAFC7C00302833 /* AUTUserNotificationCenter.h */; settings = {ATTRIBUTES = (Public, ); }; };
		3A2D7AD01BBAFD9000302833 /* AUTRemoteUserNotificationTokenRegistrar.h in Headers */ = {isa = PBXBuildFile; fileRef = 3A2D7ACF1BBAFD9000302833 /* AUTRemoteUserNotificationTokenRegistrar.h */; settings = {ATTRIBUTES = (Public, ); }; };
		3A2D7AD21BBAFE9000302833 /* AUTUserNotificationActionHandler.h in Headers */ = {isa = PBXBuildFile; fileRef = 3A2D7AD11BBAFE9000302833 /* AUTUserNotificationActionHandler.h */; settings = {ATTRIBUTES = (Public, ); }; };
		3A2E22541D668ECB00E2BC1A /* AUTUNAuthorizationOptionsDescription.h in Headers */ = {isa = PBXBuildFile; fileRef = 3A2E22521D668ECB00E2BC1A /* AUTUNAuthorizationOptionsDescription.h */; settings = {ATTRIBUTES = (Public, ); }; };
		3A2E22551D668ECB00E2BC1A /* AUTUNAuthorizationOptionsDescription.m in Sources */ = {isa = PBXBuildFile; fileRef = 3A2E22531D668ECB00E2BC1A /* AUTUNAuthorizationOptionsDescription.m */; };
		3A2F60E81BBB019100BE420C /* AUTUserNotificationViewModelSpec.m in Sources */ = {isa = PBXBuildFile; fileRef = 3A2F60E71BBB019100BE420C /* AUTUserNotificationViewModelSpec.m */; };
		3A2F60EB1BBB019A00BE420C /* AUTRemoteUserNotificationSpec.m in Sources */ = {isa = PBXBuildFile; fileRef = 3A2F60EA1BBB019A00BE420C /* AUTRemoteUserNotificationSpec.m */; };
		3A2F60FF1BBB01A700BE420C /* AUTStubRemoteNotificationFetchHandler.m in Sources */ = {isa = PBXBuildFile; fileRef = 3A2F60EE1BBB01A700BE420C /* AUTStubRemoteNotificationFetchHandler.m */; };
		3A2F61001BBB01A700BE420C /* AUTStubRemoteNotificationRegistrar.m in Sources */ = {isa = PBXBuildFile; fileRef = 3A2F60F01BBB01A700BE420C /* AUTStubRemoteNotificationRegistrar.m */; };
		3A2F61011BBB01A700BE420C /* AUTStubUserNotificationActionHandler.m in Sources */ = {isa = PBXBuildFile; fileRef = 3A2F60F21BBB01A700BE420C /* AUTStubUserNotificationActionHandler.m */; };
		3A2F61041BBB01A700BE420C /* AUTTestChildRemoteUserNotification.m in Sources */ = {isa = PBXBuildFile; fileRef = 3A2F60F81BBB01A700BE420C /* AUTTestChildRemoteUserNotification.m */; };
		3A2F61051BBB01A700BE420C /* AUTTestLocalUserNotification.m in Sources */ = {isa = PBXBuildFile; fileRef = 3A2F60FA1BBB01A700BE420C /* AUTTestLocalUserNotification.m */; };
		3A2F61071BBB01A700BE420C /* AUTTestRootRemoteUserNotification.m in Sources */ = {isa = PBXBuildFile; fileRef = 3A2F60FE1BBB01A700BE420C /* AUTTestRootRemoteUserNotification.m */; };
		3A2F610B1BBB096800BE420C /* AUTLog.h in Headers */ = {isa = PBXBuildFile; fileRef = 3A2F61091BBB096800BE420C /* AUTLog.h */; settings = {ATTRIBUTES = (Public, ); }; };
		3A2F610C1BBB096800BE420C /* AUTLog.m in Sources */ = {isa = PBXBuildFile; fileRef = 3A2F610A1BBB096800BE420C /* AUTLog.m */; };
		3A4261321D1B9CDC00A7EBA4 /* AUTLocalUserNotificationSpec.m in Sources */ = {isa = PBXBuildFile; fileRef = 3A4261311D1B9CDC00A7EBA4 /* AUTLocalUserNotificationSpec.m */; };
		3A6A06ED1DF09D5A00A875D2 /* AUTAssertNotNil.h in Headers */ = {isa = PBXBuildFile; fileRef = 3A6A06E61DF09D5A00A875D2 /* AUTAssertNotNil.h */; };
		3A6A06EE1DF09D5A00A875D2 /* AUTAutoType.h in Headers */ = {isa = PBXBuildFile; fileRef = 3A6A06E71DF09D5A00A875D2 /* AUTAutoType.h */; };
		3A6A06EF1DF09D5A00A875D2 /* AUTExtObjC.h in Headers */ = {isa = PBXBuildFile; fileRef = 3A6A06E81DF09D5A00A875D2 /* AUTExtObjC.h */; };
		3A6A06F01DF09D5A00A875D2 /* AUTNotNil.h in Headers */ = {isa = PBXBuildFile; fileRef = 3A6A06E91DF09D5A00A875D2 /* AUTNotNil.h */; };
		3A6A06F11DF09D5A00A875D2 /* AUTStrongifyOr.h in Headers */ = {isa = PBXBuildFile; fileRef = 3A6A06EA1DF09D5A00A875D2 /* AUTStrongifyOr.h */; };
		3A6A06F21DF09D5A00A875D2 /* AUTUnavailableDesignatedInitializer.h in Headers */ = {isa = PBXBuildFile; fileRef = 3A6A06EB1DF09D5A00A875D2 /* AUTUnavailableDesignatedInitializer.h */; };
		3A6A06F31DF09D5A00A875D2 /* metamacros.h in Headers */ = {isa = PBXBuildFile; fileRef = 3A6A06EC1DF09D5A00A875D2 /* metamacros.h */; };
		3A6A06F61DF0AE5200A875D2 /* AUTLocalUserNotification_Private.h in Headers */ = {isa = PBXBuildFile; fileRef = 3A6A06F51DF0AE5200A875D2 /* AUTLocalUserNotification_Private.h */; settings = {ATTRIBUTES = (Private, ); }; };
		3A6A06F91DF0C9E800A875D2 /* AUTRemoteUserNotification_Private.h in Headers */ = {isa = PBXBuildFile; fileRef = 3A6A06F81DF0C9E800A875D2 /* AUTRemoteUserNotification_Private.h */; settings = {ATTRIBUTES = (Private, ); }; };
		3A6A06FF1DF0E10F00A875D2 /* AUTUserNotificationsAppDelegate.h in Headers */ = {isa = PBXBuildFile; fileRef = 3A6A06FC1DF0E10F00A875D2 /* AUTUserNotificationsAppDelegate.h */; settings = {ATTRIBUTES = (Public, ); }; };
		3A6A07011DF0E8B600A875D2 /* AUTUserNotificationsViewModel_Private.h in Headers */ = {isa = PBXBuildFile; fileRef = 3A6A07001DF0E8B600A875D2 /* AUTUserNotificationsViewModel_Private.h */; settings = {ATTRIBUTES = (Private, ); }; };
		3A6A07041DF140B100A875D2 /* AUTStubUserNotificationsAppDelegate.h in Headers */ = {isa = PBXBuildFile; fileRef = 3A6A07021DF140B100A875D2 /* AUTStubUserNotificationsAppDelegate.h */; settings = {ATTRIBUTES = (Private, ); }; };
		3A6A07051DF140B100A875D2 /* AUTStubUserNotificationsAppDelegate.m in Sources */ = {isa = PBXBuildFile; fileRef = 3A6A07031DF140B100A875D2 /* AUTStubUserNotificationsAppDelegate.m */; };
		3A6A07081DF1414600A875D2 /* AUTStubUserNotificationsApplication.h in Headers */ = {isa = PBXBuildFile; fileRef = 3A6A07061DF1414600A875D2 /* AUTStubUserNotificationsApplication.h */; settings = {ATTRIBUTES = (Private, ); }; };
		3A6A07091DF1414600A875D2 /* AUTStubUserNotificationsApplication.m in Sources */ = {isa = PBXBuildFile; fileRef = 3A6A07071DF1414600A875D2 /* AUTStubUserNotificationsApplication.m */; };
		3A6A07101DF1699500A875D2 /* AUTRemoteUserNotificationFetchHandler.h in Headers */ = {isa = PBXBuildFile; fileRef = 3A6A070F1DF1699500A875D2 /* AUTRemoteUserNotificationFetchHandler.h */; settings = {ATTRIBUTES = (Public, ); }; };
		3A6A07121DF1E5BA00A875D2 /* AUTUserNotificationsViewModel+Scheduling.m in Sources */ = {isa = PBXBuildFile; fileRef = 3A6A07111DF1E5BA00A875D2 /* AUTUserNotificationsViewModel+Scheduling.m */; };
		3A6A07141DF1E70B00A875D2 /* AUTUserNotificationsViewModel+Delivery.m in Sources */ = {isa = PBXBuildFile; fileRef = 3A6A07131DF1E70B00A875D2 /* AUTUserNotificationsViewModel+Delivery.m */; };
		3A6A07171DF2074C00A875D2 /* AUTUNNotificationPresentationOptionsDescription.h in Headers */ = {isa = PBXBuildFile; fileRef = 3A6A07151DF2074C00A875D2 /* AUTUNNotificationPresentationOptionsDescription.h */; };
		3A6A07181DF2074C00A875D2 /* AUTUNNotificationPresentationOptionsDescription.m in Sources */ = {isa = PBXBuildFile; fileRef = 3A6A07161DF2074C00A875D2 /* AUTUNNotificationPresentationOptionsDescription.m */; };
		3A7246291DF619EF00654972 /* AUTUserNotificationsViewModel+Stubs.h in Headers */ = {isa = PBXBuildFile; fileRef = 3A7246271DF619EF00654972 /* AUTUserNotificationsViewModel+Stubs.h */; settings = {ATTRIBUTES = (Private, ); }; };
		3A72462A1DF619EF00654972 /* AUTUserNotificationsViewModel+Stubs.m in Sources */ = {isa = PBXBuildFile; fileRef = 3A7246281DF619EF00654972 /* AUTUserNotificationsViewModel+Stubs.m */; };
		3AA686ED1BBB686A00FF3C3A /* AUTSubclassesOf.h in Headers */ = {isa = PBXBuildFile; fileRef = 3AA686E91BBB686A00FF3C3A /* AUTSubclassesOf.h */; settings = {ATTRIBUTES = (Private, ); }; };
		3AA686EE1BBB686A00FF3C3A /* AUTSubclassesOf.m in Sources */ = {isa = PBXBuildFile; fileRef = 3AA686EA1BBB686A00FF3C3A /* AUTSubclassesOf.m */; };
		3AA686F31BBB68DC00FF3C3A /* UNUserNotificationCenter+AUTSynthesizedCategories.h in Headers */ = {isa = PBXBuildFile; fileRef = 3AA686F11BBB68DC00FF3C3A /* UNUserNotificationCenter+AUTSynthesizedCategories.h */; settings = {ATTRIBUTES = (Public, ); }; };
		3AA686F41BBB68DC00FF3C3A /* UNUserNotificationCenter+AUTSynthesizedCategories.m in Sources */ = {isa = PBXBuildFile; fileRef = 3AA686F21BBB68DC00FF3C3A /* UNUserNotificationCenter+AUTSynthesizedCategories.m */; };
		3AB916A91DDE3E200064BA34 /* ReactiveObjC.framework in Frameworks */ = {isa = PBXBuildFile; fileRef = 3AB916A81DDE3E200064BA34 /* ReactiveObjC.framework */; };
		3AB916AA1DDE3EB10064BA34 /* ReactiveObjC.framework in Embed Frameworks */ = {isa = PBXBuildFile; fileRef = 3AB916A81DDE3E200064BA34 /* ReactiveObjC.framework */; settings = {ATTRIBUTES = (CodeSignOnCopy, RemoveHeadersOnCopy, ); }; };
		3ADDAE3B1BBAEA63002870D9 /* AUTUserNotifications.h in Headers */ = {isa = PBXBuildFile; fileRef = 3ADDAE3A1BBAEA63002870D9 /* AUTUserNotifications.h */; settings = {ATTRIBUTES = (Public, ); }; };
		3ADDAE421BBAEA63002870D9 /* AUTUserNotifications.framework in Frameworks */ = {isa = PBXBuildFile; fileRef = 3ADDAE371BBAEA63002870D9 /* AUTUserNotifications.framework */; };
		3ADDAE6C1BBAED57002870D9 /* AUTLogKit.framework in Frameworks */ = {isa = PBXBuildFile; fileRef = 3ADDAE691BBAED56002870D9 /* AUTLogKit.framework */; };
		3ADDAE6F1BBAED69002870D9 /* CocoaLumberjack.framework in Frameworks */ = {isa = PBXBuildFile; fileRef = 3ADDAE6B1BBAED57002870D9 /* CocoaLumberjack.framework */; };
		3ADDAE741BBAED88002870D9 /* AUTTestKit.framework in Frameworks */ = {isa = PBXBuildFile; fileRef = 3ADDAE701BBAED88002870D9 /* AUTTestKit.framework */; };
		3ADDAE821BBAEE59002870D9 /* AUTLogKit.framework in Embed Frameworks */ = {isa = PBXBuildFile; fileRef = 3ADDAE691BBAED56002870D9 /* AUTLogKit.framework */; settings = {ATTRIBUTES = (CodeSignOnCopy, RemoveHeadersOnCopy, ); }; };
		3ADDAE831BBAEE59002870D9 /* AUTTestKit.framework in Embed Frameworks */ = {isa = PBXBuildFile; fileRef = 3ADDAE701BBAED88002870D9 /* AUTTestKit.framework */; settings = {ATTRIBUTES = (CodeSignOnCopy, RemoveHeadersOnCopy, ); }; };
		3ADDAE841BBAEE59002870D9 /* CocoaLumberjack.framework in Embed Frameworks */ = {isa = PBXBuildFile; fileRef = 3ADDAE6B1BBAED57002870D9 /* CocoaLumberjack.framework */; settings = {ATTRIBUTES = (CodeSignOnCopy, RemoveHeadersOnCopy, ); }; };
		3ADDAE851BBAEE59002870D9 /* Expecta.framework in Embed Frameworks */ = {isa = PBXBuildFile; fileRef = 3ADDAE711BBAED88002870D9 /* Expecta.framework */; settings = {ATTRIBUTES = (CodeSignOnCopy, RemoveHeadersOnCopy, ); }; };
		3ADDAE861BBAEE59002870D9 /* Nocilla.framework in Embed Frameworks */ = {isa = PBXBuildFile; fileRef = 3ADDAE721BBAED88002870D9 /* Nocilla.framework */; settings = {ATTRIBUTES = (CodeSignOnCopy, RemoveHeadersOnCopy, ); }; };
		3ADDAE881BBAEE59002870D9 /* Specta.framework in Embed Frameworks */ = {isa = PBXBuildFile; fileRef = 3ADDAE731BBAED88002870D9 /* Specta.framework */; settings = {ATTRIBUTES = (CodeSignOnCopy, RemoveHeadersOnCopy, ); }; };
		3ADDAE991BBAF6B1002870D9 /* AUTRemoteUserNotification.h in Headers */ = {isa = PBXBuildFile; fileRef = 3ADDAE8F1BBAF6B1002870D9 /* AUTRemoteUserNotification.h */; settings = {ATTRIBUTES = (Public, ); }; };
		3ADDAE9A1BBAF6B1002870D9 /* AUTRemoteUserNotification.m in Sources */ = {isa = PBXBuildFile; fileRef = 3ADDAE901BBAF6B1002870D9 /* AUTRemoteUserNotification.m */; };
		3ADDAE9B1BBAF6B1002870D9 /* AUTUserNotification_Private.h in Headers */ = {isa = PBXBuildFile; fileRef = 3ADDAE911BBAF6B1002870D9 /* AUTUserNotification_Private.h */; settings = {ATTRIBUTES = (Private, ); }; };
		3ADDAE9C1BBAF6B1002870D9 /* AUTUserNotification.h in Headers */ = {isa = PBXBuildFile; fileRef = 3ADDAE921BBAF6B1002870D9 /* AUTUserNotification.h */; settings = {ATTRIBUTES = (Public, ); }; };
		3ADDAE9D1BBAF6B1002870D9 /* AUTUserNotification.m in Sources */ = {isa = PBXBuildFile; fileRef = 3ADDAE931BBAF6B1002870D9 /* AUTUserNotification.m */; };
		3ADDAE9E1BBAF6B1002870D9 /* AUTUserNotificationsViewModel.h in Headers */ = {isa = PBXBuildFile; fileRef = 3ADDAE941BBAF6B1002870D9 /* AUTUserNotificationsViewModel.h */; settings = {ATTRIBUTES = (Public, ); }; };
		3ADDAEA01BBAF6B6002870D9 /* AUTUserNotificationsViewModel.m in Sources */ = {isa = PBXBuildFile; fileRef = 3ADDAE9F1BBAF6B6002870D9 /* AUTUserNotificationsViewModel.m */; };
		3ADDAEA51BBAF6F9002870D9 /* AUTLocalUserNotification.h in Headers */ = {isa = PBXBuildFile; fileRef = 3ADDAEA21BBAF6F9002870D9 /* AUTLocalUserNotification.h */; settings = {ATTRIBUTES = (Public, ); }; };
		3ADDAEA61BBAF6F9002870D9 /* AUTLocalUserNotification.m in Sources */ = {isa = PBXBuildFile; fileRef = 3ADDAEA31BBAF6F9002870D9 /* AUTLocalUserNotification.m */; };
		3ADDAEA81BBAF80F002870D9 /* Mantle.framework in Frameworks */ = {isa = PBXBuildFile; fileRef = 3ADDAEA71BBAF80F002870D9 /* Mantle.framework */; };
		3ADDAEAA1BBAF85E002870D9 /* Mantle.framework in Embed Frameworks */ = {isa = PBXBuildFile; fileRef = 3ADDAEA71BBAF80F002870D9 /* Mantle.framework */; settings = {ATTRIBUTES = (CodeSignOnCopy, RemoveHeadersOnCopy, ); }; };
		3AEB33D31BBCBD6A0088AE62 /* AUTStubUserNotificationCenter.h in Headers */ = {isa = PBXBuildFile; fileRef = 3AEB33CF1BBCBD6A0088AE62 /* AUTStubUserNotificationCenter.h */; settings = {ATTRIBUTES = (Private, ); }; };
		3AEB33D41BBCBD6A0088AE62 /* AUTStubUserNotificationCenter.m in Sources */ = {isa = PBXBuildFile; fileRef = 3AEB33D01BBCBD6A0088AE62 /* AUTStubUserNotificationCenter.m */; };
		3AF00C171D4737CB00FE37CF /* AUTAnotherTestChildRemoteUserNotification.m in Sources */ = {isa = PBXBuildFile; fileRef = 3AF00C161D4737CB00FE37CF /* AUTAnotherTestChildRemoteUserNotification.m */; };
		3AF419601E5E453A00515CCF /* AUTUserNotificationSpec.m in Sources */ = {isa = PBXBuildFile; fileRef = 3AF4195F1E5E453A00515CCF /* AUTUserNotificationSpec.m */; };
/* End PBXBuildFile section */

/* Begin PBXContainerItemProxy section */
		3ADDAE431BBAEA63002870D9 /* PBXContainerItemProxy */ = {
			isa = PBXContainerItemProxy;
			containerPortal = 3ADDAE2E1BBAEA63002870D9 /* Project object */;
			proxyType = 1;
			remoteGlobalIDString = 3ADDAE361BBAEA63002870D9;
			remoteInfo = AUTUserNotifications;
		};
/* End PBXContainerItemProxy section */

/* Begin PBXCopyFilesBuildPhase section */
		3ADDAE811BBAEE4D002870D9 /* Embed Frameworks */ = {
			isa = PBXCopyFilesBuildPhase;
			buildActionMask = 2147483647;
			dstPath = "";
			dstSubfolderSpec = 10;
			files = (
				3AB916AA1DDE3EB10064BA34 /* ReactiveObjC.framework in Embed Frameworks */,
				3ADDAEAA1BBAF85E002870D9 /* Mantle.framework in Embed Frameworks */,
				3ADDAE821BBAEE59002870D9 /* AUTLogKit.framework in Embed Frameworks */,
				3ADDAE831BBAEE59002870D9 /* AUTTestKit.framework in Embed Frameworks */,
				3ADDAE841BBAEE59002870D9 /* CocoaLumberjack.framework in Embed Frameworks */,
				3ADDAE851BBAEE59002870D9 /* Expecta.framework in Embed Frameworks */,
				3ADDAE861BBAEE59002870D9 /* Nocilla.framework in Embed Frameworks */,
				3ADDAE881BBAEE59002870D9 /* Specta.framework in Embed Frameworks */,
			);
			name = "Embed Frameworks";
			runOnlyForDeploymentPostprocessing = 0;
		};
/* End PBXCopyFilesBuildPhase section */

/* Begin PBXFileReference section */
		3A2D7AC91BBAFC7C00302833 /* AUTUserNotificationCenter.h */ = {isa = PBXFileReference; fileEncoding = 4; lastKnownFileType = sourcecode.c.h; path = AUTUserNotificationCenter.h; sourceTree = "<group>"; };
		3A2D7ACF1BBAFD9000302833 /* AUTRemoteUserNotificationTokenRegistrar.h */ = {isa = PBXFileReference; fileEncoding = 4; lastKnownFileType = sourcecode.c.h; path = AUTRemoteUserNotificationTokenRegistrar.h; sourceTree = "<group>"; };
		3A2D7AD11BBAFE9000302833 /* AUTUserNotificationActionHandler.h */ = {isa = PBXFileReference; fileEncoding = 4; lastKnownFileType = sourcecode.c.h; path = AUTUserNotificationActionHandler.h; sourceTree = "<group>"; };
		3A2E22521D668ECB00E2BC1A /* AUTUNAuthorizationOptionsDescription.h */ = {isa = PBXFileReference; fileEncoding = 4; lastKnownFileType = sourcecode.c.h; path = AUTUNAuthorizationOptionsDescription.h; sourceTree = "<group>"; };
		3A2E22531D668ECB00E2BC1A /* AUTUNAuthorizationOptionsDescription.m */ = {isa = PBXFileReference; fileEncoding = 4; lastKnownFileType = sourcecode.c.objc; path = AUTUNAuthorizationOptionsDescription.m; sourceTree = "<group>"; };
		3A2F60E71BBB019100BE420C /* AUTUserNotificationViewModelSpec.m */ = {isa = PBXFileReference; fileEncoding = 4; lastKnownFileType = sourcecode.c.objc; path = AUTUserNotificationViewModelSpec.m; sourceTree = "<group>"; };
		3A2F60EA1BBB019A00BE420C /* AUTRemoteUserNotificationSpec.m */ = {isa = PBXFileReference; fileEncoding = 4; lastKnownFileType = sourcecode.c.objc; path = AUTRemoteUserNotificationSpec.m; sourceTree = "<group>"; };
		3A2F60ED1BBB01A700BE420C /* AUTStubRemoteNotificationFetchHandler.h */ = {isa = PBXFileReference; fileEncoding = 4; lastKnownFileType = sourcecode.c.h; path = AUTStubRemoteNotificationFetchHandler.h; sourceTree = "<group>"; };
		3A2F60EE1BBB01A700BE420C /* AUTStubRemoteNotificationFetchHandler.m */ = {isa = PBXFileReference; fileEncoding = 4; lastKnownFileType = sourcecode.c.objc; path = AUTStubRemoteNotificationFetchHandler.m; sourceTree = "<group>"; };
		3A2F60EF1BBB01A700BE420C /* AUTStubRemoteNotificationRegistrar.h */ = {isa = PBXFileReference; fileEncoding = 4; lastKnownFileType = sourcecode.c.h; path = AUTStubRemoteNotificationRegistrar.h; sourceTree = "<group>"; };
		3A2F60F01BBB01A700BE420C /* AUTStubRemoteNotificationRegistrar.m */ = {isa = PBXFileReference; fileEncoding = 4; lastKnownFileType = sourcecode.c.objc; path = AUTStubRemoteNotificationRegistrar.m; sourceTree = "<group>"; };
		3A2F60F11BBB01A700BE420C /* AUTStubUserNotificationActionHandler.h */ = {isa = PBXFileReference; fileEncoding = 4; lastKnownFileType = sourcecode.c.h; path = AUTStubUserNotificationActionHandler.h; sourceTree = "<group>"; };
		3A2F60F21BBB01A700BE420C /* AUTStubUserNotificationActionHandler.m */ = {isa = PBXFileReference; fileEncoding = 4; lastKnownFileType = sourcecode.c.objc; path = AUTStubUserNotificationActionHandler.m; sourceTree = "<group>"; };
		3A2F60F71BBB01A700BE420C /* AUTTestChildRemoteUserNotification.h */ = {isa = PBXFileReference; fileEncoding = 4; lastKnownFileType = sourcecode.c.h; path = AUTTestChildRemoteUserNotification.h; sourceTree = "<group>"; };
		3A2F60F81BBB01A700BE420C /* AUTTestChildRemoteUserNotification.m */ = {isa = PBXFileReference; fileEncoding = 4; lastKnownFileType = sourcecode.c.objc; path = AUTTestChildRemoteUserNotification.m; sourceTree = "<group>"; };
		3A2F60F91BBB01A700BE420C /* AUTTestLocalUserNotification.h */ = {isa = PBXFileReference; fileEncoding = 4; lastKnownFileType = sourcecode.c.h; path = AUTTestLocalUserNotification.h; sourceTree = "<group>"; };
		3A2F60FA1BBB01A700BE420C /* AUTTestLocalUserNotification.m */ = {isa = PBXFileReference; fileEncoding = 4; lastKnownFileType = sourcecode.c.objc; path = AUTTestLocalUserNotification.m; sourceTree = "<group>"; };
		3A2F60FD1BBB01A700BE420C /* AUTTestRootRemoteUserNotification.h */ = {isa = PBXFileReference; fileEncoding = 4; lastKnownFileType = sourcecode.c.h; path = AUTTestRootRemoteUserNotification.h; sourceTree = "<group>"; };
		3A2F60FE1BBB01A700BE420C /* AUTTestRootRemoteUserNotification.m */ = {isa = PBXFileReference; fileEncoding = 4; lastKnownFileType = sourcecode.c.objc; path = AUTTestRootRemoteUserNotification.m; sourceTree = "<group>"; };
		3A2F61091BBB096800BE420C /* AUTLog.h */ = {isa = PBXFileReference; fileEncoding = 4; lastKnownFileType = sourcecode.c.h; path = AUTLog.h; sourceTree = "<group>"; };
		3A2F610A1BBB096800BE420C /* AUTLog.m */ = {isa = PBXFileReference; fileEncoding = 4; lastKnownFileType = sourcecode.c.objc; path = AUTLog.m; sourceTree = "<group>"; };
		3A4261311D1B9CDC00A7EBA4 /* AUTLocalUserNotificationSpec.m */ = {isa = PBXFileReference; fileEncoding = 4; lastKnownFileType = sourcecode.c.objc; path = AUTLocalUserNotificationSpec.m; sourceTree = "<group>"; };
		3A6A06E61DF09D5A00A875D2 /* AUTAssertNotNil.h */ = {isa = PBXFileReference; fileEncoding = 4; lastKnownFileType = sourcecode.c.h; path = AUTAssertNotNil.h; sourceTree = "<group>"; };
		3A6A06E71DF09D5A00A875D2 /* AUTAutoType.h */ = {isa = PBXFileReference; fileEncoding = 4; lastKnownFileType = sourcecode.c.h; path = AUTAutoType.h; sourceTree = "<group>"; };
		3A6A06E81DF09D5A00A875D2 /* AUTExtObjC.h */ = {isa = PBXFileReference; fileEncoding = 4; lastKnownFileType = sourcecode.c.h; path = AUTExtObjC.h; sourceTree = "<group>"; };
		3A6A06E91DF09D5A00A875D2 /* AUTNotNil.h */ = {isa = PBXFileReference; fileEncoding = 4; lastKnownFileType = sourcecode.c.h; path = AUTNotNil.h; sourceTree = "<group>"; };
		3A6A06EA1DF09D5A00A875D2 /* AUTStrongifyOr.h */ = {isa = PBXFileReference; fileEncoding = 4; lastKnownFileType = sourcecode.c.h; path = AUTStrongifyOr.h; sourceTree = "<group>"; };
		3A6A06EB1DF09D5A00A875D2 /* AUTUnavailableDesignatedInitializer.h */ = {isa = PBXFileReference; fileEncoding = 4; lastKnownFileType = sourcecode.c.h; path = AUTUnavailableDesignatedInitializer.h; sourceTree = "<group>"; };
		3A6A06EC1DF09D5A00A875D2 /* metamacros.h */ = {isa = PBXFileReference; fileEncoding = 4; lastKnownFileType = sourcecode.c.h; path = metamacros.h; sourceTree = "<group>"; };
		3A6A06F51DF0AE5200A875D2 /* AUTLocalUserNotification_Private.h */ = {isa = PBXFileReference; fileEncoding = 4; lastKnownFileType = sourcecode.c.h; path = AUTLocalUserNotification_Private.h; sourceTree = "<group>"; };
		3A6A06F81DF0C9E800A875D2 /* AUTRemoteUserNotification_Private.h */ = {isa = PBXFileReference; fileEncoding = 4; lastKnownFileType = sourcecode.c.h; path = AUTRemoteUserNotification_Private.h; sourceTree = "<group>"; };
		3A6A06FC1DF0E10F00A875D2 /* AUTUserNotificationsAppDelegate.h */ = {isa = PBXFileReference; fileEncoding = 4; lastKnownFileType = sourcecode.c.h; path = AUTUserNotificationsAppDelegate.h; sourceTree = "<group>"; };
		3A6A07001DF0E8B600A875D2 /* AUTUserNotificationsViewModel_Private.h */ = {isa = PBXFileReference; fileEncoding = 4; lastKnownFileType = sourcecode.c.h; path = AUTUserNotificationsViewModel_Private.h; sourceTree = "<group>"; };
		3A6A07021DF140B100A875D2 /* AUTStubUserNotificationsAppDelegate.h */ = {isa = PBXFileReference; fileEncoding = 4; lastKnownFileType = sourcecode.c.h; path = AUTStubUserNotificationsAppDelegate.h; sourceTree = "<group>"; };
		3A6A07031DF140B100A875D2 /* AUTStubUserNotificationsAppDelegate.m */ = {isa = PBXFileReference; fileEncoding = 4; lastKnownFileType = sourcecode.c.objc; path = AUTStubUserNotificationsAppDelegate.m; sourceTree = "<group>"; };
		3A6A07061DF1414600A875D2 /* AUTStubUserNotificationsApplication.h */ = {isa = PBXFileReference; fileEncoding = 4; lastKnownFileType = sourcecode.c.h; path = AUTStubUserNotificationsApplication.h; sourceTree = "<group>"; };
		3A6A07071DF1414600A875D2 /* AUTStubUserNotificationsApplication.m */ = {isa = PBXFileReference; fileEncoding = 4; lastKnownFileType = sourcecode.c.objc; path = AUTStubUserNotificationsApplication.m; sourceTree = "<group>"; };
		3A6A070F1DF1699500A875D2 /* AUTRemoteUserNotificationFetchHandler.h */ = {isa = PBXFileReference; fileEncoding = 4; lastKnownFileType = sourcecode.c.h; path = AUTRemoteUserNotificationFetchHandler.h; sourceTree = "<group>"; };
		3A6A07111DF1E5BA00A875D2 /* AUTUserNotificationsViewModel+Scheduling.m */ = {isa = PBXFileReference; fileEncoding = 4; lastKnownFileType = sourcecode.c.objc; path = "AUTUserNotificationsViewModel+Scheduling.m"; sourceTree = "<group>"; };
		3A6A07131DF1E70B00A875D2 /* AUTUserNotificationsViewModel+Delivery.m */ = {isa = PBXFileReference; fileEncoding = 4; lastKnownFileType = sourcecode.c.objc; path = "AUTUserNotificationsViewModel+Delivery.m"; sourceTree = "<group>"; };
		3A6A07151DF2074C00A875D2 /* AUTUNNotificationPresentationOptionsDescription.h */ = {isa = PBXFileReference; fileEncoding = 4; lastKnownFileType = sourcecode.c.h; path = AUTUNNotificationPresentationOptionsDescription.h; sourceTree = "<group>"; };
		3A6A07161DF2074C00A875D2 /* AUTUNNotificationPresentationOptionsDescription.m */ = {isa = PBXFileReference; fileEncoding = 4; lastKnownFileType = sourcecode.c.objc; path = AUTUNNotificationPresentationOptionsDescription.m; sourceTree = "<group>"; };
		3A7246271DF619EF00654972 /* AUTUserNotificationsViewModel+Stubs.h */ = {isa = PBXFileReference; fileEncoding = 4; lastKnownFileType = sourcecode.c.h; path = "AUTUserNotificationsViewModel+Stubs.h"; sourceTree = "<group>"; };
		3A7246281DF619EF00654972 /* AUTUserNotificationsViewModel+Stubs.m */ = {isa = PBXFileReference; fileEncoding = 4; lastKnownFileType = sourcecode.c.objc; path = "AUTUserNotificationsViewModel+Stubs.m"; sourceTree = "<group>"; };
		3AA686E91BBB686A00FF3C3A /* AUTSubclassesOf.h */ = {isa = PBXFileReference; fileEncoding = 4; lastKnownFileType = sourcecode.c.h; path = AUTSubclassesOf.h; sourceTree = "<group>"; };
		3AA686EA1BBB686A00FF3C3A /* AUTSubclassesOf.m */ = {isa = PBXFileReference; fileEncoding = 4; lastKnownFileType = sourcecode.c.objc; path = AUTSubclassesOf.m; sourceTree = "<group>"; };
		3AA686F11BBB68DC00FF3C3A /* UNUserNotificationCenter+AUTSynthesizedCategories.h */ = {isa = PBXFileReference; fileEncoding = 4; lastKnownFileType = sourcecode.c.h; path = "UNUserNotificationCenter+AUTSynthesizedCategories.h"; sourceTree = "<group>"; };
		3AA686F21BBB68DC00FF3C3A /* UNUserNotificationCenter+AUTSynthesizedCategories.m */ = {isa = PBXFileReference; fileEncoding = 4; lastKnownFileType = sourcecode.c.objc; path = "UNUserNotificationCenter+AUTSynthesizedCategories.m"; sourceTree = "<group>"; };
		3AB916A81DDE3E200064BA34 /* ReactiveObjC.framework */ = {isa = PBXFileReference; lastKnownFileType = wrapper.framework; name = ReactiveObjC.framework; path = Carthage/Build/iOS/ReactiveObjC.framework; sourceTree = "<group>"; };
		3ADDAE371BBAEA63002870D9 /* AUTUserNotifications.framework */ = {isa = PBXFileReference; explicitFileType = wrapper.framework; includeInIndex = 0; path = AUTUserNotifications.framework; sourceTree = BUILT_PRODUCTS_DIR; };
		3ADDAE3A1BBAEA63002870D9 /* AUTUserNotifications.h */ = {isa = PBXFileReference; lastKnownFileType = sourcecode.c.h; path = AUTUserNotifications.h; sourceTree = "<group>"; };
		3ADDAE3C1BBAEA63002870D9 /* Info.plist */ = {isa = PBXFileReference; lastKnownFileType = text.plist.xml; path = Info.plist; sourceTree = "<group>"; };
		3ADDAE411BBAEA63002870D9 /* AUTUserNotificationsTests.xctest */ = {isa = PBXFileReference; explicitFileType = wrapper.cfbundle; includeInIndex = 0; path = AUTUserNotificationsTests.xctest; sourceTree = BUILT_PRODUCTS_DIR; };
		3ADDAE481BBAEA63002870D9 /* Info.plist */ = {isa = PBXFileReference; lastKnownFileType = text.plist.xml; path = Info.plist; sourceTree = "<group>"; };
		3ADDAE521BBAEC87002870D9 /* Common.xcconfig */ = {isa = PBXFileReference; lastKnownFileType = text.xcconfig; path = Common.xcconfig; sourceTree = "<group>"; };
		3ADDAE541BBAEC87002870D9 /* Debug.xcconfig */ = {isa = PBXFileReference; lastKnownFileType = text.xcconfig; path = Debug.xcconfig; sourceTree = "<group>"; };
		3ADDAE551BBAEC87002870D9 /* Profile.xcconfig */ = {isa = PBXFileReference; lastKnownFileType = text.xcconfig; path = Profile.xcconfig; sourceTree = "<group>"; };
		3ADDAE561BBAEC87002870D9 /* Release.xcconfig */ = {isa = PBXFileReference; lastKnownFileType = text.xcconfig; path = Release.xcconfig; sourceTree = "<group>"; };
		3ADDAE571BBAEC87002870D9 /* Test.xcconfig */ = {isa = PBXFileReference; lastKnownFileType = text.xcconfig; path = Test.xcconfig; sourceTree = "<group>"; };
		3ADDAE591BBAEC87002870D9 /* Application.xcconfig */ = {isa = PBXFileReference; lastKnownFileType = text.xcconfig; path = Application.xcconfig; sourceTree = "<group>"; };
		3ADDAE5A1BBAEC87002870D9 /* Framework.xcconfig */ = {isa = PBXFileReference; lastKnownFileType = text.xcconfig; path = Framework.xcconfig; sourceTree = "<group>"; };
		3ADDAE5B1BBAEC87002870D9 /* StaticLibrary.xcconfig */ = {isa = PBXFileReference; lastKnownFileType = text.xcconfig; path = StaticLibrary.xcconfig; sourceTree = "<group>"; };
		3ADDAE5D1BBAEC87002870D9 /* iOS-Application.xcconfig */ = {isa = PBXFileReference; lastKnownFileType = text.xcconfig; path = "iOS-Application.xcconfig"; sourceTree = "<group>"; };
		3ADDAE5E1BBAEC87002870D9 /* iOS-Base.xcconfig */ = {isa = PBXFileReference; lastKnownFileType = text.xcconfig; path = "iOS-Base.xcconfig"; sourceTree = "<group>"; };
		3ADDAE5F1BBAEC87002870D9 /* iOS-Framework.xcconfig */ = {isa = PBXFileReference; lastKnownFileType = text.xcconfig; path = "iOS-Framework.xcconfig"; sourceTree = "<group>"; };
		3ADDAE601BBAEC87002870D9 /* iOS-StaticLibrary.xcconfig */ = {isa = PBXFileReference; lastKnownFileType = text.xcconfig; path = "iOS-StaticLibrary.xcconfig"; sourceTree = "<group>"; };
		3ADDAE621BBAECC4002870D9 /* AUTUserNotifications.xcconfig */ = {isa = PBXFileReference; lastKnownFileType = text.xcconfig; name = AUTUserNotifications.xcconfig; path = AUTUserNotifications/AUTUserNotifications.xcconfig; sourceTree = "<group>"; };
		3ADDAE631BBAECE3002870D9 /* AUTUserNotificationTests.xcconfig */ = {isa = PBXFileReference; lastKnownFileType = text.xcconfig; name = AUTUserNotificationTests.xcconfig; path = AUTUserNotificationsTests/AUTUserNotificationTests.xcconfig; sourceTree = "<group>"; };
		3ADDAE691BBAED56002870D9 /* AUTLogKit.framework */ = {isa = PBXFileReference; lastKnownFileType = wrapper.framework; name = AUTLogKit.framework; path = Carthage/Build/iOS/AUTLogKit.framework; sourceTree = "<group>"; };
		3ADDAE6B1BBAED57002870D9 /* CocoaLumberjack.framework */ = {isa = PBXFileReference; lastKnownFileType = wrapper.framework; name = CocoaLumberjack.framework; path = Carthage/Build/iOS/CocoaLumberjack.framework; sourceTree = "<group>"; };
		3ADDAE701BBAED88002870D9 /* AUTTestKit.framework */ = {isa = PBXFileReference; lastKnownFileType = wrapper.framework; name = AUTTestKit.framework; path = Carthage/Build/iOS/AUTTestKit.framework; sourceTree = "<group>"; };
		3ADDAE711BBAED88002870D9 /* Expecta.framework */ = {isa = PBXFileReference; lastKnownFileType = wrapper.framework; name = Expecta.framework; path = Carthage/Build/iOS/Expecta.framework; sourceTree = "<group>"; };
		3ADDAE721BBAED88002870D9 /* Nocilla.framework */ = {isa = PBXFileReference; lastKnownFileType = wrapper.framework; name = Nocilla.framework; path = Carthage/Build/iOS/Nocilla.framework; sourceTree = "<group>"; };
		3ADDAE731BBAED88002870D9 /* Specta.framework */ = {isa = PBXFileReference; lastKnownFileType = wrapper.framework; name = Specta.framework; path = Carthage/Build/iOS/Specta.framework; sourceTree = "<group>"; };
		3ADDAE8F1BBAF6B1002870D9 /* AUTRemoteUserNotification.h */ = {isa = PBXFileReference; fileEncoding = 4; lastKnownFileType = sourcecode.c.h; path = AUTRemoteUserNotification.h; sourceTree = "<group>"; };
		3ADDAE901BBAF6B1002870D9 /* AUTRemoteUserNotification.m */ = {isa = PBXFileReference; fileEncoding = 4; lastKnownFileType = sourcecode.c.objc; path = AUTRemoteUserNotification.m; sourceTree = "<group>"; };
		3ADDAE911BBAF6B1002870D9 /* AUTUserNotification_Private.h */ = {isa = PBXFileReference; fileEncoding = 4; lastKnownFileType = sourcecode.c.h; path = AUTUserNotification_Private.h; sourceTree = "<group>"; };
		3ADDAE921BBAF6B1002870D9 /* AUTUserNotification.h */ = {isa = PBXFileReference; fileEncoding = 4; lastKnownFileType = sourcecode.c.h; path = AUTUserNotification.h; sourceTree = "<group>"; };
		3ADDAE931BBAF6B1002870D9 /* AUTUserNotification.m */ = {isa = PBXFileReference; fileEncoding = 4; lastKnownFileType = sourcecode.c.objc; path = AUTUserNotification.m; sourceTree = "<group>"; };
		3ADDAE941BBAF6B1002870D9 /* AUTUserNotificationsViewModel.h */ = {isa = PBXFileReference; fileEncoding = 4; lastKnownFileType = sourcecode.c.h; path = AUTUserNotificationsViewModel.h; sourceTree = "<group>"; };
		3ADDAE9F1BBAF6B6002870D9 /* AUTUserNotificationsViewModel.m */ = {isa = PBXFileReference; fileEncoding = 4; lastKnownFileType = sourcecode.c.objc; path = AUTUserNotificationsViewModel.m; sourceTree = "<group>"; };
		3ADDAEA21BBAF6F9002870D9 /* AUTLocalUserNotification.h */ = {isa = PBXFileReference; fileEncoding = 4; lastKnownFileType = sourcecode.c.h; path = AUTLocalUserNotification.h; sourceTree = "<group>"; };
		3ADDAEA31BBAF6F9002870D9 /* AUTLocalUserNotification.m */ = {isa = PBXFileReference; fileEncoding = 4; lastKnownFileType = sourcecode.c.objc; path = AUTLocalUserNotification.m; sourceTree = "<group>"; };
		3ADDAEA71BBAF80F002870D9 /* Mantle.framework */ = {isa = PBXFileReference; lastKnownFileType = wrapper.framework; name = Mantle.framework; path = Carthage/Build/iOS/Mantle.framework; sourceTree = "<group>"; };
		3AEB33CF1BBCBD6A0088AE62 /* AUTStubUserNotificationCenter.h */ = {isa = PBXFileReference; fileEncoding = 4; lastKnownFileType = sourcecode.c.h; path = AUTStubUserNotificationCenter.h; sourceTree = "<group>"; };
		3AEB33D01BBCBD6A0088AE62 /* AUTStubUserNotificationCenter.m */ = {isa = PBXFileReference; fileEncoding = 4; lastKnownFileType = sourcecode.c.objc; path = AUTStubUserNotificationCenter.m; sourceTree = "<group>"; };
		3AF00C151D4737CB00FE37CF /* AUTAnotherTestChildRemoteUserNotification.h */ = {isa = PBXFileReference; fileEncoding = 4; lastKnownFileType = sourcecode.c.h; path = AUTAnotherTestChildRemoteUserNotification.h; sourceTree = "<group>"; };
		3AF00C161D4737CB00FE37CF /* AUTAnotherTestChildRemoteUserNotification.m */ = {isa = PBXFileReference; fileEncoding = 4; lastKnownFileType = sourcecode.c.objc; path = AUTAnotherTestChildRemoteUserNotification.m; sourceTree = "<group>"; };
		3AF4195F1E5E453A00515CCF /* AUTUserNotificationSpec.m */ = {isa = PBXFileReference; fileEncoding = 4; lastKnownFileType = sourcecode.c.objc; path = AUTUserNotificationSpec.m; sourceTree = "<group>"; };
/* End PBXFileReference section */

/* Begin PBXFrameworksBuildPhase section */
		3ADDAE331BBAEA63002870D9 /* Frameworks */ = {
			isa = PBXFrameworksBuildPhase;
			buildActionMask = 2147483647;
			files = (
				3ADDAE6C1BBAED57002870D9 /* AUTLogKit.framework in Frameworks */,
				3ADDAEA81BBAF80F002870D9 /* Mantle.framework in Frameworks */,
				3ADDAE6F1BBAED69002870D9 /* CocoaLumberjack.framework in Frameworks */,
				3AB916A91DDE3E200064BA34 /* ReactiveObjC.framework in Frameworks */,
			);
			runOnlyForDeploymentPostprocessing = 0;
		};
		3ADDAE3E1BBAEA63002870D9 /* Frameworks */ = {
			isa = PBXFrameworksBuildPhase;
			buildActionMask = 2147483647;
			files = (
				3ADDAE741BBAED88002870D9 /* AUTTestKit.framework in Frameworks */,
				3ADDAE421BBAEA63002870D9 /* AUTUserNotifications.framework in Frameworks */,
			);
			runOnlyForDeploymentPostprocessing = 0;
		};
/* End PBXFrameworksBuildPhase section */

/* Begin PBXGroup section */
		3A2E22511D668EB500E2BC1A /* Extensions */ = {
			isa = PBXGroup;
			children = (
				3A2E22561D668F8E00E2BC1A /* UserNotifications */,
			);
			name = Extensions;
			sourceTree = "<group>";
		};
		3A2E22561D668F8E00E2BC1A /* UserNotifications */ = {
			isa = PBXGroup;
			children = (
				3A2E22521D668ECB00E2BC1A /* AUTUNAuthorizationOptionsDescription.h */,
				3A2E22531D668ECB00E2BC1A /* AUTUNAuthorizationOptionsDescription.m */,
				3A6A07151DF2074C00A875D2 /* AUTUNNotificationPresentationOptionsDescription.h */,
				3A6A07161DF2074C00A875D2 /* AUTUNNotificationPresentationOptionsDescription.m */,
				3AA686F11BBB68DC00FF3C3A /* UNUserNotificationCenter+AUTSynthesizedCategories.h */,
				3AA686F21BBB68DC00FF3C3A /* UNUserNotificationCenter+AUTSynthesizedCategories.m */,
			);
			name = UserNotifications;
			sourceTree = "<group>";
		};
		3A2F60E91BBB019400BE420C /* Specs */ = {
			isa = PBXGroup;
			children = (
				3A4261311D1B9CDC00A7EBA4 /* AUTLocalUserNotificationSpec.m */,
				3A2F60EA1BBB019A00BE420C /* AUTRemoteUserNotificationSpec.m */,
				3AF4195F1E5E453A00515CCF /* AUTUserNotificationSpec.m */,
				3A2F60E71BBB019100BE420C /* AUTUserNotificationViewModelSpec.m */,
			);
			name = Specs;
			sourceTree = "<group>";
		};
		3A2F60EC1BBB01A000BE420C /* Helpers */ = {
			isa = PBXGroup;
			children = (
				3AF00C151D4737CB00FE37CF /* AUTAnotherTestChildRemoteUserNotification.h */,
				3AF00C161D4737CB00FE37CF /* AUTAnotherTestChildRemoteUserNotification.m */,
				3A2F60ED1BBB01A700BE420C /* AUTStubRemoteNotificationFetchHandler.h */,
				3A2F60EE1BBB01A700BE420C /* AUTStubRemoteNotificationFetchHandler.m */,
				3A2F60EF1BBB01A700BE420C /* AUTStubRemoteNotificationRegistrar.h */,
				3A2F60F01BBB01A700BE420C /* AUTStubRemoteNotificationRegistrar.m */,
				3A2F60F11BBB01A700BE420C /* AUTStubUserNotificationActionHandler.h */,
				3A2F60F21BBB01A700BE420C /* AUTStubUserNotificationActionHandler.m */,
				3A2F60F71BBB01A700BE420C /* AUTTestChildRemoteUserNotification.h */,
				3A2F60F81BBB01A700BE420C /* AUTTestChildRemoteUserNotification.m */,
				3A2F60F91BBB01A700BE420C /* AUTTestLocalUserNotification.h */,
				3A2F60FA1BBB01A700BE420C /* AUTTestLocalUserNotification.m */,
				3A2F60FD1BBB01A700BE420C /* AUTTestRootRemoteUserNotification.h */,
				3A2F60FE1BBB01A700BE420C /* AUTTestRootRemoteUserNotification.m */,
			);
			name = Helpers;
			sourceTree = "<group>";
		};
		3A2F61081BBB094F00BE420C /* Logging */ = {
			isa = PBXGroup;
			children = (
				3A2F61091BBB096800BE420C /* AUTLog.h */,
				3A2F610A1BBB096800BE420C /* AUTLog.m */,
			);
			name = Logging;
			sourceTree = "<group>";
		};
		3A6A06E41DF09D4D00A875D2 /* Vendor */ = {
			isa = PBXGroup;
			children = (
				3A6A06E51DF09D5A00A875D2 /* AUTExtObjC */,
			);
			name = Vendor;
			sourceTree = "<group>";
		};
		3A6A06E51DF09D5A00A875D2 /* AUTExtObjC */ = {
			isa = PBXGroup;
			children = (
				3A6A06E61DF09D5A00A875D2 /* AUTAssertNotNil.h */,
				3A6A06E71DF09D5A00A875D2 /* AUTAutoType.h */,
				3A6A06E81DF09D5A00A875D2 /* AUTExtObjC.h */,
				3A6A06E91DF09D5A00A875D2 /* AUTNotNil.h */,
				3A6A06EA1DF09D5A00A875D2 /* AUTStrongifyOr.h */,
				3A6A06EB1DF09D5A00A875D2 /* AUTUnavailableDesignatedInitializer.h */,
				3A6A06EC1DF09D5A00A875D2 /* metamacros.h */,
			);
			name = AUTExtObjC;
			path = Carthage/Checkouts/AUTExtObjC/AUTExtObjC;
			sourceTree = "<group>";
		};
		3ADDAE2D1BBAEA63002870D9 = {
			isa = PBXGroup;
			children = (
				3ADDAE391BBAEA63002870D9 /* AUTUserNotifications */,
				3ADDAE451BBAEA63002870D9 /* AUTUserNotificationsTests */,
				3ADDAE611BBAEC8E002870D9 /* Configuration */,
				3ADDAE641BBAED00002870D9 /* Frameworks */,
				3ADDAE381BBAEA63002870D9 /* Products */,
				3A6A06E41DF09D4D00A875D2 /* Vendor */,
			);
			sourceTree = "<group>";
		};
		3ADDAE381BBAEA63002870D9 /* Products */ = {
			isa = PBXGroup;
			children = (
				3ADDAE371BBAEA63002870D9 /* AUTUserNotifications.framework */,
				3ADDAE411BBAEA63002870D9 /* AUTUserNotificationsTests.xctest */,
			);
			name = Products;
			sourceTree = "<group>";
		};
		3ADDAE391BBAEA63002870D9 /* AUTUserNotifications */ = {
			isa = PBXGroup;
			children = (
				3ADDAE3A1BBAEA63002870D9 /* AUTUserNotifications.h */,
				3A2E22511D668EB500E2BC1A /* Extensions */,
				3A2F61081BBB094F00BE420C /* Logging */,
				3ADDAEA91BBAF83E002870D9 /* Notifications */,
				3ADDAEAB1BBAF87A002870D9 /* View Models */,
				3AEB33CC1BBCBD3B0088AE62 /* Stubs */,
				3ADDAE3C1BBAEA63002870D9 /* Info.plist */,
			);
			path = AUTUserNotifications;
			sourceTree = "<group>";
		};
		3ADDAE451BBAEA63002870D9 /* AUTUserNotificationsTests */ = {
			isa = PBXGroup;
			children = (
				3A2F60EC1BBB01A000BE420C /* Helpers */,
				3A2F60E91BBB019400BE420C /* Specs */,
				3ADDAE481BBAEA63002870D9 /* Info.plist */,
			);
			path = AUTUserNotificationsTests;
			sourceTree = "<group>";
		};
		3ADDAE511BBAEC87002870D9 /* Base */ = {
			isa = PBXGroup;
			children = (
				3ADDAE521BBAEC87002870D9 /* Common.xcconfig */,
				3ADDAE531BBAEC87002870D9 /* Configurations */,
				3ADDAE581BBAEC87002870D9 /* Targets */,
			);
			name = Base;
			path = Carthage/Checkouts/xcconfigs/Base;
			sourceTree = "<group>";
		};
		3ADDAE531BBAEC87002870D9 /* Configurations */ = {
			isa = PBXGroup;
			children = (
				3ADDAE541BBAEC87002870D9 /* Debug.xcconfig */,
				3ADDAE551BBAEC87002870D9 /* Profile.xcconfig */,
				3ADDAE561BBAEC87002870D9 /* Release.xcconfig */,
				3ADDAE571BBAEC87002870D9 /* Test.xcconfig */,
			);
			path = Configurations;
			sourceTree = "<group>";
		};
		3ADDAE581BBAEC87002870D9 /* Targets */ = {
			isa = PBXGroup;
			children = (
				3ADDAE591BBAEC87002870D9 /* Application.xcconfig */,
				3ADDAE5A1BBAEC87002870D9 /* Framework.xcconfig */,
				3ADDAE5B1BBAEC87002870D9 /* StaticLibrary.xcconfig */,
			);
			path = Targets;
			sourceTree = "<group>";
		};
		3ADDAE5C1BBAEC87002870D9 /* iOS */ = {
			isa = PBXGroup;
			children = (
				3ADDAE5D1BBAEC87002870D9 /* iOS-Application.xcconfig */,
				3ADDAE5E1BBAEC87002870D9 /* iOS-Base.xcconfig */,
				3ADDAE5F1BBAEC87002870D9 /* iOS-Framework.xcconfig */,
				3ADDAE601BBAEC87002870D9 /* iOS-StaticLibrary.xcconfig */,
			);
			name = iOS;
			path = Carthage/Checkouts/xcconfigs/iOS;
			sourceTree = "<group>";
		};
		3ADDAE611BBAEC8E002870D9 /* Configuration */ = {
			isa = PBXGroup;
			children = (
				3ADDAE621BBAECC4002870D9 /* AUTUserNotifications.xcconfig */,
				3ADDAE631BBAECE3002870D9 /* AUTUserNotificationTests.xcconfig */,
				3ADDAE511BBAEC87002870D9 /* Base */,
				3ADDAE5C1BBAEC87002870D9 /* iOS */,
			);
			name = Configuration;
			sourceTree = "<group>";
		};
		3ADDAE641BBAED00002870D9 /* Frameworks */ = {
			isa = PBXGroup;
			children = (
				3ADDAE691BBAED56002870D9 /* AUTLogKit.framework */,
				3ADDAE701BBAED88002870D9 /* AUTTestKit.framework */,
				3ADDAE6B1BBAED57002870D9 /* CocoaLumberjack.framework */,
				3ADDAE711BBAED88002870D9 /* Expecta.framework */,
				3ADDAEA71BBAF80F002870D9 /* Mantle.framework */,
				3ADDAE721BBAED88002870D9 /* Nocilla.framework */,
				3AB916A81DDE3E200064BA34 /* ReactiveObjC.framework */,
				3ADDAE731BBAED88002870D9 /* Specta.framework */,
			);
			name = Frameworks;
			sourceTree = "<group>";
		};
		3ADDAEA91BBAF83E002870D9 /* Notifications */ = {
			isa = PBXGroup;
			children = (
				3ADDAEA21BBAF6F9002870D9 /* AUTLocalUserNotification.h */,
				3A6A06F51DF0AE5200A875D2 /* AUTLocalUserNotification_Private.h */,
				3ADDAEA31BBAF6F9002870D9 /* AUTLocalUserNotification.m */,
				3ADDAE8F1BBAF6B1002870D9 /* AUTRemoteUserNotification.h */,
				3A6A06F81DF0C9E800A875D2 /* AUTRemoteUserNotification_Private.h */,
				3ADDAE901BBAF6B1002870D9 /* AUTRemoteUserNotification.m */,
				3ADDAE921BBAF6B1002870D9 /* AUTUserNotification.h */,
				3ADDAE911BBAF6B1002870D9 /* AUTUserNotification_Private.h */,
				3ADDAE931BBAF6B1002870D9 /* AUTUserNotification.m */,
			);
			name = Notifications;
			sourceTree = "<group>";
		};
		3ADDAEAB1BBAF87A002870D9 /* View Models */ = {
			isa = PBXGroup;
			children = (
				3A6A070F1DF1699500A875D2 /* AUTRemoteUserNotificationFetchHandler.h */,
				3A2D7ACF1BBAFD9000302833 /* AUTRemoteUserNotificationTokenRegistrar.h */,
				3AA686E91BBB686A00FF3C3A /* AUTSubclassesOf.h */,
				3AA686EA1BBB686A00FF3C3A /* AUTSubclassesOf.m */,
				3A2D7AD11BBAFE9000302833 /* AUTUserNotificationActionHandler.h */,
				3A2D7AC91BBAFC7C00302833 /* AUTUserNotificationCenter.h */,
				3A6A06FC1DF0E10F00A875D2 /* AUTUserNotificationsAppDelegate.h */,
				3A6A07001DF0E8B600A875D2 /* AUTUserNotificationsViewModel_Private.h */,
				3ADDAE941BBAF6B1002870D9 /* AUTUserNotificationsViewModel.h */,
				3ADDAE9F1BBAF6B6002870D9 /* AUTUserNotificationsViewModel.m */,
				3A6A07111DF1E5BA00A875D2 /* AUTUserNotificationsViewModel+Scheduling.m */,
				3A6A07131DF1E70B00A875D2 /* AUTUserNotificationsViewModel+Delivery.m */,
			);
			name = "View Models";
			sourceTree = "<group>";
		};
		3AEB33CC1BBCBD3B0088AE62 /* Stubs */ = {
			isa = PBXGroup;
			children = (
				3AEB33CF1BBCBD6A0088AE62 /* AUTStubUserNotificationCenter.h */,
				3AEB33D01BBCBD6A0088AE62 /* AUTStubUserNotificationCenter.m */,
				3A6A07021DF140B100A875D2 /* AUTStubUserNotificationsAppDelegate.h */,
				3A6A07031DF140B100A875D2 /* AUTStubUserNotificationsAppDelegate.m */,
				3A6A07061DF1414600A875D2 /* AUTStubUserNotificationsApplication.h */,
				3A6A07071DF1414600A875D2 /* AUTStubUserNotificationsApplication.m */,
				3A7246271DF619EF00654972 /* AUTUserNotificationsViewModel+Stubs.h */,
				3A7246281DF619EF00654972 /* AUTUserNotificationsViewModel+Stubs.m */,
			);
			name = Stubs;
			sourceTree = "<group>";
		};
/* End PBXGroup section */

/* Begin PBXHeadersBuildPhase section */
		3ADDAE341BBAEA63002870D9 /* Headers */ = {
			isa = PBXHeadersBuildPhase;
			buildActionMask = 2147483647;
			files = (
				3A6A06F31DF09D5A00A875D2 /* metamacros.h in Headers */,
				3A2D7ACA1BBAFC7C00302833 /* AUTUserNotificationCenter.h in Headers */,
				3A6A07101DF1699500A875D2 /* AUTRemoteUserNotificationFetchHandler.h in Headers */,
				3AEB33D31BBCBD6A0088AE62 /* AUTStubUserNotificationCenter.h in Headers */,
				3AA686ED1BBB686A00FF3C3A /* AUTSubclassesOf.h in Headers */,
				3AA686F31BBB68DC00FF3C3A /* UNUserNotificationCenter+AUTSynthesizedCategories.h in Headers */,
				3A6A06EF1DF09D5A00A875D2 /* AUTExtObjC.h in Headers */,
				3ADDAE9E1BBAF6B1002870D9 /* AUTUserNotificationsViewModel.h in Headers */,
				3A6A06F01DF09D5A00A875D2 /* AUTNotNil.h in Headers */,
				3A2D7AD01BBAFD9000302833 /* AUTRemoteUserNotificationTokenRegistrar.h in Headers */,
				3A2F610B1BBB096800BE420C /* AUTLog.h in Headers */,
				3A7246291DF619EF00654972 /* AUTUserNotificationsViewModel+Stubs.h in Headers */,
				3ADDAE3B1BBAEA63002870D9 /* AUTUserNotifications.h in Headers */,
				3A6A06EE1DF09D5A00A875D2 /* AUTAutoType.h in Headers */,
				3A6A07041DF140B100A875D2 /* AUTStubUserNotificationsAppDelegate.h in Headers */,
				3A6A06F11DF09D5A00A875D2 /* AUTStrongifyOr.h in Headers */,
				3A2E22541D668ECB00E2BC1A /* AUTUNAuthorizationOptionsDescription.h in Headers */,
				3ADDAEA51BBAF6F9002870D9 /* AUTLocalUserNotification.h in Headers */,
				3A6A06F91DF0C9E800A875D2 /* AUTRemoteUserNotification_Private.h in Headers */,
				3A6A07011DF0E8B600A875D2 /* AUTUserNotificationsViewModel_Private.h in Headers */,
				3A6A07171DF2074C00A875D2 /* AUTUNNotificationPresentationOptionsDescription.h in Headers */,
				3A6A06ED1DF09D5A00A875D2 /* AUTAssertNotNil.h in Headers */,
				3ADDAE9C1BBAF6B1002870D9 /* AUTUserNotification.h in Headers */,
				3A6A06FF1DF0E10F00A875D2 /* AUTUserNotificationsAppDelegate.h in Headers */,
				3ADDAE991BBAF6B1002870D9 /* AUTRemoteUserNotification.h in Headers */,
				3A2D7AD21BBAFE9000302833 /* AUTUserNotificationActionHandler.h in Headers */,
				3A6A06F21DF09D5A00A875D2 /* AUTUnavailableDesignatedInitializer.h in Headers */,
				3A6A07081DF1414600A875D2 /* AUTStubUserNotificationsApplication.h in Headers */,
				3A6A06F61DF0AE5200A875D2 /* AUTLocalUserNotification_Private.h in Headers */,
				3ADDAE9B1BBAF6B1002870D9 /* AUTUserNotification_Private.h in Headers */,
			);
			runOnlyForDeploymentPostprocessing = 0;
		};
/* End PBXHeadersBuildPhase section */

/* Begin PBXNativeTarget section */
		3ADDAE361BBAEA63002870D9 /* AUTUserNotifications */ = {
			isa = PBXNativeTarget;
			buildConfigurationList = 3ADDAE4B1BBAEA63002870D9 /* Build configuration list for PBXNativeTarget "AUTUserNotifications" */;
			buildPhases = (
				3ADDAE321BBAEA63002870D9 /* Sources */,
				3ADDAE331BBAEA63002870D9 /* Frameworks */,
				3ADDAE341BBAEA63002870D9 /* Headers */,
				3ADDAE351BBAEA63002870D9 /* Resources */,
				3ADDAE8A1BBAF4B1002870D9 /* Copy Products to Carthage/Build/iOS */,
			);
			buildRules = (
			);
			dependencies = (
			);
			name = AUTUserNotifications;
			productName = AUTUserNotifications;
			productReference = 3ADDAE371BBAEA63002870D9 /* AUTUserNotifications.framework */;
			productType = "com.apple.product-type.framework";
		};
		3ADDAE401BBAEA63002870D9 /* AUTUserNotificationsTests */ = {
			isa = PBXNativeTarget;
			buildConfigurationList = 3ADDAE4E1BBAEA63002870D9 /* Build configuration list for PBXNativeTarget "AUTUserNotificationsTests" */;
			buildPhases = (
				3ADDAE3D1BBAEA63002870D9 /* Sources */,
				3ADDAE3E1BBAEA63002870D9 /* Frameworks */,
				3ADDAE801BBAEE49002870D9 /* Resources */,
				3ADDAE811BBAEE4D002870D9 /* Embed Frameworks */,
			);
			buildRules = (
			);
			dependencies = (
				3ADDAE441BBAEA63002870D9 /* PBXTargetDependency */,
			);
			name = AUTUserNotificationsTests;
			productName = AUTUserNotificationsTests;
			productReference = 3ADDAE411BBAEA63002870D9 /* AUTUserNotificationsTests.xctest */;
			productType = "com.apple.product-type.bundle.unit-test";
		};
/* End PBXNativeTarget section */

/* Begin PBXProject section */
		3ADDAE2E1BBAEA63002870D9 /* Project object */ = {
			isa = PBXProject;
			attributes = {
				CLASSPREFIX = AUT;
				LastUpgradeCheck = 0820;
				ORGANIZATIONNAME = "Automatic Labs";
				TargetAttributes = {
					3ADDAE361BBAEA63002870D9 = {
						CreatedOnToolsVersion = 7.0;
					};
					3ADDAE401BBAEA63002870D9 = {
						CreatedOnToolsVersion = 7.0;
					};
				};
			};
			buildConfigurationList = 3ADDAE311BBAEA63002870D9 /* Build configuration list for PBXProject "AUTUserNotifications" */;
			compatibilityVersion = "Xcode 3.2";
			developmentRegion = English;
			hasScannedForEncodings = 0;
			knownRegions = (
				en,
			);
			mainGroup = 3ADDAE2D1BBAEA63002870D9;
			productRefGroup = 3ADDAE381BBAEA63002870D9 /* Products */;
			projectDirPath = "";
			projectRoot = "";
			targets = (
				3ADDAE361BBAEA63002870D9 /* AUTUserNotifications */,
				3ADDAE401BBAEA63002870D9 /* AUTUserNotificationsTests */,
			);
		};
/* End PBXProject section */

/* Begin PBXResourcesBuildPhase section */
		3ADDAE351BBAEA63002870D9 /* Resources */ = {
			isa = PBXResourcesBuildPhase;
			buildActionMask = 2147483647;
			files = (
			);
			runOnlyForDeploymentPostprocessing = 0;
		};
		3ADDAE801BBAEE49002870D9 /* Resources */ = {
			isa = PBXResourcesBuildPhase;
			buildActionMask = 2147483647;
			files = (
			);
			runOnlyForDeploymentPostprocessing = 0;
		};
/* End PBXResourcesBuildPhase section */

/* Begin PBXShellScriptBuildPhase section */
		3ADDAE8A1BBAF4B1002870D9 /* Copy Products to Carthage/Build/iOS */ = {
			isa = PBXShellScriptBuildPhase;
			buildActionMask = 2147483647;
			files = (
			);
			inputPaths = (
			);
			name = "Copy Products to Carthage/Build/iOS";
			outputPaths = (
			);
			runOnlyForDeploymentPostprocessing = 0;
			shellPath = /bin/sh;
			shellScript = "build_dir=\"$SRCROOT/Carthage/Build\"\n\n# Only copy when the Carthage/Build directory is a symlink\nif ! [ -L \"$build_dir\" ]; then exit 0; fi\n\nrsync --delete -av \"$BUILT_PRODUCTS_DIR/$PRODUCT_NAME\"* \"$build_dir/iOS\"";
		};
/* End PBXShellScriptBuildPhase section */

/* Begin PBXSourcesBuildPhase section */
		3ADDAE321BBAEA63002870D9 /* Sources */ = {
			isa = PBXSourcesBuildPhase;
			buildActionMask = 2147483647;
			files = (
				3A2F610C1BBB096800BE420C /* AUTLog.m in Sources */,
				3ADDAEA61BBAF6F9002870D9 /* AUTLocalUserNotification.m in Sources */,
				3AA686EE1BBB686A00FF3C3A /* AUTSubclassesOf.m in Sources */,
				3AA686F41BBB68DC00FF3C3A /* UNUserNotificationCenter+AUTSynthesizedCategories.m in Sources */,
				3ADDAE9A1BBAF6B1002870D9 /* AUTRemoteUserNotification.m in Sources */,
				3A6A07181DF2074C00A875D2 /* AUTUNNotificationPresentationOptionsDescription.m in Sources */,
				3ADDAEA01BBAF6B6002870D9 /* AUTUserNotificationsViewModel.m in Sources */,
				3ADDAE9D1BBAF6B1002870D9 /* AUTUserNotification.m in Sources */,
				3AEB33D41BBCBD6A0088AE62 /* AUTStubUserNotificationCenter.m in Sources */,
				3A6A07141DF1E70B00A875D2 /* AUTUserNotificationsViewModel+Delivery.m in Sources */,
				3A72462A1DF619EF00654972 /* AUTUserNotificationsViewModel+Stubs.m in Sources */,
				3A6A07121DF1E5BA00A875D2 /* AUTUserNotificationsViewModel+Scheduling.m in Sources */,
				3A6A07051DF140B100A875D2 /* AUTStubUserNotificationsAppDelegate.m in Sources */,
				3A6A07091DF1414600A875D2 /* AUTStubUserNotificationsApplication.m in Sources */,
				3A2E22551D668ECB00E2BC1A /* AUTUNAuthorizationOptionsDescription.m in Sources */,
			);
			runOnlyForDeploymentPostprocessing = 0;
		};
		3ADDAE3D1BBAEA63002870D9 /* Sources */ = {
			isa = PBXSourcesBuildPhase;
			buildActionMask = 2147483647;
			files = (
				3AF419601E5E453A00515CCF /* AUTUserNotificationSpec.m in Sources */,
				3A2F60E81BBB019100BE420C /* AUTUserNotificationViewModelSpec.m in Sources */,
				3AF00C171D4737CB00FE37CF /* AUTAnotherTestChildRemoteUserNotification.m in Sources */,
				3A4261321D1B9CDC00A7EBA4 /* AUTLocalUserNotificationSpec.m in Sources */,
				3A2F61001BBB01A700BE420C /* AUTStubRemoteNotificationRegistrar.m in Sources */,
				3A2F60FF1BBB01A700BE420C /* AUTStubRemoteNotificationFetchHandler.m in Sources */,
				3A2F60EB1BBB019A00BE420C /* AUTRemoteUserNotificationSpec.m in Sources */,
				3A2F61011BBB01A700BE420C /* AUTStubUserNotificationActionHandler.m in Sources */,
				3A2F61041BBB01A700BE420C /* AUTTestChildRemoteUserNotification.m in Sources */,
				3A2F61071BBB01A700BE420C /* AUTTestRootRemoteUserNotification.m in Sources */,
				3A2F61051BBB01A700BE420C /* AUTTestLocalUserNotification.m in Sources */,
			);
			runOnlyForDeploymentPostprocessing = 0;
		};
/* End PBXSourcesBuildPhase section */

/* Begin PBXTargetDependency section */
		3ADDAE441BBAEA63002870D9 /* PBXTargetDependency */ = {
			isa = PBXTargetDependency;
			target = 3ADDAE361BBAEA63002870D9 /* AUTUserNotifications */;
			targetProxy = 3ADDAE431BBAEA63002870D9 /* PBXContainerItemProxy */;
		};
/* End PBXTargetDependency section */

/* Begin XCBuildConfiguration section */
		3ADDAE491BBAEA63002870D9 /* Debug */ = {
			isa = XCBuildConfiguration;
			baseConfigurationReference = 3ADDAE541BBAEC87002870D9 /* Debug.xcconfig */;
			buildSettings = {
			};
			name = Debug;
		};
		3ADDAE4A1BBAEA63002870D9 /* Release */ = {
			isa = XCBuildConfiguration;
			baseConfigurationReference = 3ADDAE561BBAEC87002870D9 /* Release.xcconfig */;
			buildSettings = {
			};
			name = Release;
		};
		3ADDAE4C1BBAEA63002870D9 /* Debug */ = {
			isa = XCBuildConfiguration;
			baseConfigurationReference = 3ADDAE621BBAECC4002870D9 /* AUTUserNotifications.xcconfig */;
			buildSettings = {
			};
			name = Debug;
		};
		3ADDAE4D1BBAEA63002870D9 /* Release */ = {
			isa = XCBuildConfiguration;
			baseConfigurationReference = 3ADDAE621BBAECC4002870D9 /* AUTUserNotifications.xcconfig */;
			buildSettings = {
			};
			name = Release;
		};
		3ADDAE4F1BBAEA63002870D9 /* Debug */ = {
			isa = XCBuildConfiguration;
			baseConfigurationReference = 3ADDAE631BBAECE3002870D9 /* AUTUserNotificationTests.xcconfig */;
			buildSettings = {
			};
			name = Debug;
		};
		3ADDAE501BBAEA63002870D9 /* Release */ = {
			isa = XCBuildConfiguration;
			baseConfigurationReference = 3ADDAE631BBAECE3002870D9 /* AUTUserNotificationTests.xcconfig */;
			buildSettings = {
			};
			name = Release;
		};
/* End XCBuildConfiguration section */

/* Begin XCConfigurationList section */
		3ADDAE311BBAEA63002870D9 /* Build configuration list for PBXProject "AUTUserNotifications" */ = {
			isa = XCConfigurationList;
			buildConfigurations = (
				3ADDAE491BBAEA63002870D9 /* Debug */,
				3ADDAE4A1BBAEA63002870D9 /* Release */,
			);
			defaultConfigurationIsVisible = 0;
			defaultConfigurationName = Release;
		};
		3ADDAE4B1BBAEA63002870D9 /* Build configuration list for PBXNativeTarget "AUTUserNotifications" */ = {
			isa = XCConfigurationList;
			buildConfigurations = (
				3ADDAE4C1BBAEA63002870D9 /* Debug */,
				3ADDAE4D1BBAEA63002870D9 /* Release */,
			);
			defaultConfigurationIsVisible = 0;
			defaultConfigurationName = Release;
		};
		3ADDAE4E1BBAEA63002870D9 /* Build configuration list for PBXNativeTarget "AUTUserNotificationsTests" */ = {
			isa = XCConfigurationList;
			buildConfigurations = (
				3ADDAE4F1BBAEA63002870D9 /* Debug */,
				3ADDAE501BBAEA63002870D9 /* Release */,
			);
			defaultConfigurationIsVisible = 0;
			defaultConfigurationName = Release;
		};
/* End XCConfigurationList section */
	};
	rootObject = 3ADDAE2E1BBAEA63002870D9 /* Project object */;
}
